PODS:
  - Flutter (1.0.0)
  - games_services (5.0.1):
    - Flutter
    - FlutterMacOS
  - Google-Mobile-Ads-SDK (13.3.0):
    - GoogleUserMessagingPlatform (>= 1.1)
  - google_mobile_ads (9.0.0):
    - Flutter
    - Google-Mobile-Ads-SDK (~> 13.3.0)
    - webview_flutter_wkwebview
  - GoogleUserMessagingPlatform (3.1.0)
  - in_app_purchase_storekit (0.0.1):
    - Flutter
    - FlutterMacOS
  - integration_test (0.0.1):
    - Flutter
  - shared_preferences_foundation (0.0.1):
    - Flutter
    - FlutterMacOS
  - url_launcher_ios (0.0.1):
    - Flutter
  - webview_flutter_wkwebview (0.0.1):
    - Flutter
    - FlutterMacOS

DEPENDENCIES:
  - Flutter (from `Flutter`)
  - games_services (from `.symlinks/plugins/games_services/darwin`)
  - google_mobile_ads (from `.symlinks/plugins/google_mobile_ads/ios`)
  - in_app_purchase_storekit (from `.symlinks/plugins/in_app_purchase_storekit/darwin`)
  - integration_test (from `.symlinks/plugins/integration_test/ios`)
  - shared_preferences_foundation (from `.symlinks/plugins/shared_preferences_foundation/darwin`)
  - url_launcher_ios (from `.symlinks/plugins/url_launcher_ios/ios`)
  - webview_flutter_wkwebview (from `.symlinks/plugins/webview_flutter_wkwebview/darwin`)

SPEC REPOS:
  trunk:
    - Google-Mobile-Ads-SDK
    - GoogleUserMessagingPlatform

EXTERNAL SOURCES:
  Flutter:
    :path: Flutter
  games_services:
    :path: ".symlinks/plugins/games_services/darwin"
  google_mobile_ads:
    :path: ".symlinks/plugins/google_mobile_ads/ios"
  in_app_purchase_storekit:
    :path: ".symlinks/plugins/in_app_purchase_storekit/darwin"
  integration_test:
    :path: ".symlinks/plugins/integration_test/ios"
  shared_preferences_foundation:
    :path: ".symlinks/plugins/shared_preferences_foundation/darwin"
  url_launcher_ios:
    :path: ".symlinks/plugins/url_launcher_ios/ios"
  webview_flutter_wkwebview:
    :path: ".symlinks/plugins/webview_flutter_wkwebview/darwin"

SPEC CHECKSUMS:
  Flutter: 71a624a5bc0c04062bf19101d501e466baf2fb47
  games_services: 76bef7d2e685bb605e2d16a18b255462ea1aaeb2
  Google-Mobile-Ads-SDK: 7692126a35ed859f20635af281c50a2162be8bea
  google_mobile_ads: e0c300fcd472c3fa5a00d6cca8b0c65bbbb15faf
  GoogleUserMessagingPlatform: befe603da6501006420c206222acd449bba45a9c
  in_app_purchase_storekit: 2342c0a5da86593124d08dd13d920f39a52b273a
  integration_test: 252f60fa39af5e17c3aa9899d35d908a0721b573
  shared_preferences_foundation: 5086985c1d43c5ba4d5e69a4e8083a389e2909e6
  url_launcher_ios: bb13df5870e8c4234ca12609d04010a21be43dfa
  webview_flutter_wkwebview: 29eb20d43355b48fe7d07113835b9128f84e3af4

PODFILE CHECKSUM: 3ba3a73b1b12adcf321a227a745625fe0888cc82

COCOAPODS: 1.16.2
